{
    "version": 3,
    "terraform_version": "0.11.13",
    "serial": 8,
    "lineage": "4a714815-fc6d-f9fe-6ba8-f491d4f88c44",
    "modules": [
        {
            "path": [
                "root"
            ],
            "outputs": {},
            "resources": {
                "digitalocean_droplet.dev": {
                    "type": "digitalocean_droplet",
                    "depends_on": [
                        "digitalocean_ssh_key.default"
                    ],
                    "primary": {
                        "id": "140812775",
                        "attributes": {
                            "backups": "false",
                            "disk": "30",
                            "id": "140812775",
                            "image": "docker-18-04",
                            "ipv4_address": "134.209.165.5",
                            "ipv4_address_private": "",
                            "ipv6": "true",
                            "ipv6_address": "2604:a880:800:c1::138:9001",
                            "ipv6_address_private": "",
                            "locked": "false",
                            "memory": "1024",
                            "monitoring": "false",
                            "name": "dev",
                            "price_hourly": "0.01488",
                            "price_monthly": "10",
                            "private_networking": "false",
                            "region": "nyc3",
                            "resize_disk": "true",
                            "size": "1gb",
                            "ssh_keys.#": "1",
                            "ssh_keys.2994001135": "b6:b7:22:06:10:c7:16:a6:04:db:8c:63:5e:70:08:a6",
                            "status": "active",
                            "tags.#": "0",
                            "vcpus": "1",
                            "volume_ids.#": "0"
                        },
                        "meta": {
                            "schema_version": "1"
                        },
                        "tainted": false
                    },
                    "deposed": [],
                    "provider": "provider.digitalocean"
                },
                "digitalocean_ssh_key.default": {
                    "type": "digitalocean_ssh_key",
                    "depends_on": [],
                    "primary": {
                        "id": "24381763",
                        "attributes": {
                            "fingerprint": "b6:b7:22:06:10:c7:16:a6:04:db:8c:63:5e:70:08:a6",
                            "id": "24381763",
                            "name": "Default",
                            "public_key": "ssh-rsa AAAAB3NzaC1yc2EAAAADAQABAAACAQDEdTXzKtvDXQ45VIBwQ2SiQYKmHZag2qxvzdKOuyWuhO+CDeJFhTyrB31UHn+TDpd+wtXBP5qiOBJ86TuH1BiaUQzuggotu5xBvwmWgDti+7DCmpeuEVumbQls9auQ0sj8tjxn27ZXgQdLjpdugTSnwtdaxzHWxz9jGiasnvufblVkPJ1mX//CWrGieTmDrBy+0oXEDyHl+f1aViaPEmIWj8GpgzJxlXujiOeomK+NDv1W/NeooBYK4CXQQxLRyKn/SZcp2MOPl6qPIe8I/lE4ANVGd5J5A7aVbPabqGKgNGz00E7GAoXpLVpOl5BZhfqlq3NlfUBNE9bgNKd6f5KYb7bD4lZlWVuMhe/SZ3MFUPQvBJmyQy1loV9VhQB541gQxBXXjxOqQHjaDF1zGAIFP4avDMZEK6vDqdvpRF/D90you4BANPRJ5EvuippKwRb6LaawliTi/vZz8t9UaxPQVrBfnbkM4AomWehvu+R9CNSCoLTljv6dGRNF5rJceRHJDT8iAHVopigN+tmFXCwTgmlSQbc0p5cwZMIhIq0SMVNeTEkAtpevcW18BYm/VQvQ///0I3nk3AHKumqKbsTwxbnK9kesX8z0Kjdt9Xt/pgrWd8Q11+9NgYWUFV5olpsh23s8HGwKKsDWhHpF7ZD9VH+QS1QB56JSMP+2O+aSGQ== kareem.kwong@gmail.com"
                        },
                        "meta": {},
                        "tainted": false
                    },
                    "deposed": [],
                    "provider": "provider.digitalocean"
                }
            },
            "depends_on": []
        }
    ]
}
